{
  "version": 4,
  "terraform_version": "1.14.4",
  "serial": 75,
  "lineage": "ff0c4096-b006-a939-2667-ca779435c0cf",
  "outputs": {
    "ip_of_webapp": {
      "value": "185.102.122.54",
      "type": "string"
    }
  },
  "resources": [
    {
      "mode": "managed",
      "type": "aws_eip",
      "name": "eips",
      "provider": "provider[\"hc-registry.website.k2.cloud/c2devel/rockitcloud\"]",
      "instances": [
        {
          "index_key": 0,
          "schema_version": 0,
          "attributes": {
            "address": null,
            "allocation_id": "eipalloc-4318A263",
            "associate_with_private_ip": null,
            "association_id": "",
            "carrier_ip": "",
            "customer_owned_ip": "",
            "customer_owned_ipv4_pool": "",
            "domain": "vpc",
            "id": "eipalloc-4318A263",
            "instance": "",
            "network_border_group": "",
            "network_interface": "",
            "private_dns": null,
            "private_ip": "",
            "public_dns": "ec2-185-102-122-54.ru-msk.compute.k2.cloud",
            "public_ip": "185.102.122.54",
            "public_ipv4_pool": "default",
            "tags": {
              "Name": "webapp"
            },
            "tags_all": {
              "Name": "webapp"
            },
            "timeouts": null,
            "vpc": true
          },
          "sensitive_attributes": [],
          "identity_schema_version": 0,
          "private": "eyJlMmJmYjczMC1lY2FhLTExZTYtOGY4OC0zNDM2M2JjN2M0YzAiOnsiZGVsZXRlIjoxODAwMDAwMDAwMDAsInJlYWQiOjkwMDAwMDAwMDAwMCwidXBkYXRlIjozMDAwMDAwMDAwMDB9fQ=="
        }
      ]
    },
    {
      "mode": "managed",
      "type": "aws_eip_association",
      "name": "eips_association",
      "provider": "provider[\"hc-registry.website.k2.cloud/c2devel/rockitcloud\"]",
      "instances": [
        {
          "index_key": 0,
          "schema_version": 0,
          "attributes": {
            "allocation_id": "eipalloc-4318A263",
            "allow_reassociation": null,
            "id": "eipassoc-1FE07436",
            "instance_id": "i-6CD68D20",
            "network_interface_id": "eni-A4317260",
            "private_ip_address": "10.0.0.4",
            "public_ip": "185.102.122.54"
          },
          "sensitive_attributes": [],
          "identity_schema_version": 0,
          "private": "bnVsbA==",
          "dependencies": [
            "aws_eip.eips",
            "aws_instance.vms",
            "aws_internet_gateway.igw",
            "aws_key_pair.pubkey",
            "aws_security_group.ext",
            "aws_security_group.int",
            "aws_subnet.subnet",
            "aws_vpc.vpc"
          ]
        }
      ]
    },
    {
      "mode": "managed",
      "type": "aws_instance",
      "name": "vms",
      "provider": "provider[\"hc-registry.website.k2.cloud/c2devel/rockitcloud\"]",
      "instances": [
        {
          "index_key": 0,
          "schema_version": 1,
          "attributes": {
            "affinity": "default",
            "ami": "cmi-2C632E61",
            "arn": "arn:c2:ec2::MShcherbachenko@sales.croc.ru:instance/i-6CD68D20",
            "associate_public_ip_address": false,
            "availability_zone": "ru-msk-vol51",
            "capacity_reservation_specification": [],
            "cpu_core_count": null,
            "cpu_threads_per_core": null,
            "credit_specification": [],
            "disable_api_termination": false,
            "ebs_block_device": [
              {
                "delete_on_termination": true,
                "device_name": "disk1",
                "encrypted": false,
                "iops": 320,
                "kms_key_id": "",
                "snapshot_id": "",
                "tags": {
                  "Name": "Disk for webapp"
                },
                "throughput": 0,
                "volume_id": "vol-CAAB36C0",
                "volume_size": 32,
                "volume_type": "gp2"
              }
            ],
            "ebs_optimized": false,
            "enclave_options": [],
            "ephemeral_block_device": [],
            "get_password_data": false,
            "hibernation": null,
            "host_id": null,
            "iam_instance_profile": "",
            "id": "i-6CD68D20",
            "instance_initiated_shutdown_behavior": "stop",
            "instance_state": "running",
            "instance_type": "m5gl20.small",
            "ipv6_address_count": 0,
            "ipv6_addresses": [],
            "key_name": "My SSH Key",
            "launch_template": [],
            "maintenance_options": [],
            "metadata_options": [],
            "monitoring": true,
            "network_interface": [],
            "outpost_arn": "",
            "password_data": "",
            "placement_group": null,
            "placement_partition_number": null,
            "primary_network_interface_id": "eni-A4317260",
            "private_dns": "ip-10-0-0-4.vpc-fadaa2e2.internal",
            "private_ip": "10.0.0.4",
            "public_dns": "",
            "public_ip": "",
            "root_block_device": [
              {
                "delete_on_termination": true,
                "device_name": "disk1",
                "encrypted": false,
                "iops": 320,
                "kms_key_id": "",
                "tags": {
                  "Name": "Disk for webapp"
                },
                "throughput": 0,
                "volume_id": "vol-CAAB36C0",
                "volume_size": 32,
                "volume_type": "gp2"
              }
            ],
            "secondary_private_ips": [],
            "security_groups": [],
            "source_dest_check": true,
            "subnet_id": "subnet-2E810B40",
            "tags": {
              "Name": "VM for webapp"
            },
            "tags_all": {
              "Name": "VM for webapp"
            },
            "tenancy": "default",
            "timeouts": null,
            "user_data": null,
            "user_data_base64": null,
            "user_data_replace_on_change": false,
            "volume_tags": null,
            "vpc_security_group_ids": [
              "sg-C748F9B6",
              "sg-FF6E3E8F"
            ]
          },
          "sensitive_attributes": [],
          "identity_schema_version": 0,
          "private": "eyJlMmJmYjczMC1lY2FhLTExZTYtOGY4OC0zNDM2M2JjN2M0YzAiOnsiY3JlYXRlIjo2MDAwMDAwMDAwMDAsImRlbGV0ZSI6MTIwMDAwMDAwMDAwMCwidXBkYXRlIjo2MDAwMDAwMDAwMDB9LCJzY2hlbWFfdmVyc2lvbiI6IjEifQ==",
          "dependencies": [
            "aws_key_pair.pubkey",
            "aws_security_group.ext",
            "aws_security_group.int",
            "aws_subnet.subnet",
            "aws_vpc.vpc"
          ]
        },
        {
          "index_key": 1,
          "schema_version": 1,
          "attributes": {
            "affinity": "default",
            "ami": "cmi-2C632E61",
            "arn": "arn:c2:ec2::MShcherbachenko@sales.croc.ru:instance/i-58311660",
            "associate_public_ip_address": false,
            "availability_zone": "ru-msk-vol51",
            "capacity_reservation_specification": [],
            "cpu_core_count": null,
            "cpu_threads_per_core": null,
            "credit_specification": [],
            "disable_api_termination": false,
            "ebs_block_device": [
              {
                "delete_on_termination": true,
                "device_name": "disk1",
                "encrypted": false,
                "iops": 320,
                "kms_key_id": "",
                "snapshot_id": "",
                "tags": {
                  "Name": "Disk for db"
                },
                "throughput": 0,
                "volume_id": "vol-D12CFA60",
                "volume_size": 32,
                "volume_type": "gp2"
              }
            ],
            "ebs_optimized": false,
            "enclave_options": [],
            "ephemeral_block_device": [],
            "get_password_data": false,
            "hibernation": null,
            "host_id": null,
            "iam_instance_profile": "",
            "id": "i-58311660",
            "instance_initiated_shutdown_behavior": "stop",
            "instance_state": "running",
            "instance_type": "m5gl20.small",
            "ipv6_address_count": 0,
            "ipv6_addresses": [],
            "key_name": "My SSH Key",
            "launch_template": [],
            "maintenance_options": [],
            "metadata_options": [],
            "monitoring": true,
            "network_interface": [],
            "outpost_arn": "",
            "password_data": "",
            "placement_group": null,
            "placement_partition_number": null,
            "primary_network_interface_id": "eni-1D2F2500",
            "private_dns": "ip-10-0-0-5.vpc-fadaa2e2.internal",
            "private_ip": "10.0.0.5",
            "public_dns": "",
            "public_ip": "",
            "root_block_device": [
              {
                "delete_on_termination": true,
                "device_name": "disk1",
                "encrypted": false,
                "iops": 320,
                "kms_key_id": "",
                "tags": {
                  "Name": "Disk for db"
                },
                "throughput": 0,
                "volume_id": "vol-D12CFA60",
                "volume_size": 32,
                "volume_type": "gp2"
              }
            ],
            "secondary_private_ips": [],
            "security_groups": [],
            "source_dest_check": true,
            "subnet_id": "subnet-2E810B40",
            "tags": {
              "Name": "VM for db"
            },
            "tags_all": {
              "Name": "VM for db"
            },
            "tenancy": "default",
            "timeouts": null,
            "user_data": null,
            "user_data_base64": null,
            "user_data_replace_on_change": false,
            "volume_tags": null,
            "vpc_security_group_ids": [
              "sg-C748F9B6",
              "sg-FF6E3E8F"
            ]
          },
          "sensitive_attributes": [],
          "identity_schema_version": 0,
          "private": "eyJlMmJmYjczMC1lY2FhLTExZTYtOGY4OC0zNDM2M2JjN2M0YzAiOnsiY3JlYXRlIjo2MDAwMDAwMDAwMDAsImRlbGV0ZSI6MTIwMDAwMDAwMDAwMCwidXBkYXRlIjo2MDAwMDAwMDAwMDB9LCJzY2hlbWFfdmVyc2lvbiI6IjEifQ==",
          "dependencies": [
            "aws_key_pair.pubkey",
            "aws_security_group.ext",
            "aws_security_group.int",
            "aws_subnet.subnet",
            "aws_vpc.vpc"
          ]
        }
      ]
    },
    {
      "mode": "managed",
      "type": "aws_internet_gateway",
      "name": "igw",
      "provider": "provider[\"hc-registry.website.k2.cloud/c2devel/rockitcloud\"]",
      "instances": [
        {
          "schema_version": 0,
          "attributes": {
            "arn": "arn:c2:ec2:ru-msk:MShcherbachenko@sales.croc.ru:internet-gateway/igw-C0D1EB88",
            "id": "igw-C0D1EB88",
            "owner_id": "MShcherbachenko@sales.croc.ru",
            "tags": {
              "Name": "IGW for Test-project 1.0"
            },
            "tags_all": {
              "Name": "IGW for Test-project 1.0"
            },
            "vpc_id": "vpc-FADAA2E2"
          },
          "sensitive_attributes": [],
          "identity_schema_version": 0,
          "private": "bnVsbA==",
          "dependencies": [
            "aws_vpc.vpc"
          ]
        }
      ]
    },
    {
      "mode": "managed",
      "type": "aws_key_pair",
      "name": "pubkey",
      "provider": "provider[\"hc-registry.website.k2.cloud/c2devel/rockitcloud\"]",
      "instances": [
        {
          "schema_version": 1,
          "attributes": {
            "arn": "arn:c2:ec2:ru-msk:MShcherbachenko@sales.croc.ru:key-pair/My SSH Key",
            "fingerprint": "e4:80:eb:9d:1a:c1:e8:49:55:37:b2:42:dd:c9:6c:70",
            "id": "My SSH Key",
            "key_name": "My SSH Key",
            "key_name_prefix": "",
            "key_pair_id": "key-9923885B",
            "public_key": "ssh-ed25519 AAAAC3NzaC1lZDI1NTE5AAAAIJDBcvNjEys0jkAZixtEbuyZ5Qxq8cIPdBY55XQTpLOP mac-astra",
            "tags": null,
            "tags_all": {}
          },
          "sensitive_attributes": [],
          "identity_schema_version": 0,
          "private": "eyJzY2hlbWFfdmVyc2lvbiI6IjEifQ=="
        }
      ]
    },
    {
      "mode": "managed",
      "type": "aws_route",
      "name": "igw_route",
      "provider": "provider[\"hc-registry.website.k2.cloud/c2devel/rockitcloud\"]",
      "instances": [
        {
          "schema_version": 0,
          "attributes": {
            "carrier_gateway_id": "",
            "core_network_arn": "",
            "destination_cidr_block": "0.0.0.0/0",
            "destination_ipv6_cidr_block": "",
            "destination_prefix_list_id": "",
            "egress_only_gateway_id": "",
            "gateway_id": "igw-C0D1EB88",
            "id": "r-rtb-FBC9781F1080289494",
            "instance_id": "",
            "instance_owner_id": "",
            "local_gateway_id": "",
            "nat_gateway_id": "",
            "network_interface_id": "",
            "origin": "CreateRoute",
            "route_table_id": "rtb-FBC9781F",
            "state": "active",
            "timeouts": null,
            "transit_gateway_id": "",
            "vpc_endpoint_id": "",
            "vpc_peering_connection_id": ""
          },
          "sensitive_attributes": [],
          "identity_schema_version": 0,
          "private": "eyJlMmJmYjczMC1lY2FhLTExZTYtOGY4OC0zNDM2M2JjN2M0YzAiOnsiY3JlYXRlIjozMDAwMDAwMDAwMDAsImRlbGV0ZSI6MzAwMDAwMDAwMDAwLCJ1cGRhdGUiOjEyMDAwMDAwMDAwMH19",
          "dependencies": [
            "aws_internet_gateway.igw",
            "aws_vpc.vpc"
          ]
        }
      ]
    },
    {
      "mode": "managed",
      "type": "aws_s3_bucket",
      "name": "bucket",
      "provider": "provider[\"hc-registry.website.k2.cloud/c2devel/rockitcloud\"]",
      "instances": [
        {
          "schema_version": 0,
          "attributes": {
            "acceleration_status": "",
            "acl": null,
            "arn": "arn:c2:s3:::s3-demo2",
            "bucket": "s3-demo2",
            "bucket_domain_name": "s3-demo2.s3.k2.cloud",
            "bucket_prefix": null,
            "bucket_regional_domain_name": "s3-demo2.s3.aws-global.k2.cloud",
            "cors_rule": [],
            "force_destroy": false,
            "grant": [
              {
                "id": "fb7faad8-af8a-4760-a1e4-6860d224c588",
                "permissions": [
                  "FULL_CONTROL"
                ],
                "type": "CanonicalUser",
                "uri": ""
              }
            ],
            "hosted_zone_id": "Z3AQBSTGFYJSTF",
            "id": "s3-demo2",
            "lifecycle_rule": [],
            "logging": [],
            "object_lock_configuration": [],
            "object_lock_enabled": false,
            "policy": "",
            "region": "us-east-1",
            "replication_configuration": [
              {
                "role": "",
                "rules": []
              }
            ],
            "request_payer": "BucketOwner",
            "server_side_encryption_configuration": [
              {
                "rule": []
              }
            ],
            "tags": null,
            "tags_all": {},
            "versioning": [
              {
                "enabled": false,
                "mfa_delete": false
              }
            ],
            "website": [],
            "website_domain": null,
            "website_endpoint": null
          },
          "sensitive_attributes": [],
          "identity_schema_version": 0,
          "private": "bnVsbA=="
        }
      ]
    },
    {
      "mode": "managed",
      "type": "aws_s3_bucket_acl",
      "name": "bucket_acl",
      "provider": "provider[\"hc-registry.website.k2.cloud/c2devel/rockitcloud\"]",
      "instances": [
        {
          "schema_version": 0,
          "attributes": {
            "access_control_policy": [
              {
                "grant": [
                  {
                    "grantee": [
                      {
                        "display_name": "MShcherbachenko@sales.croc.ru",
                        "email_address": "",
                        "id": "fb7faad8-af8a-4760-a1e4-6860d224c588",
                        "type": "CanonicalUser",
                        "uri": ""
                      }
                    ],
                    "permission": "FULL_CONTROL"
                  }
                ],
                "owner": [
                  {
                    "display_name": "MShcherbachenko@sales.croc.ru",
                    "id": "fb7faad8-af8a-4760-a1e4-6860d224c588"
                  }
                ]
              }
            ],
            "acl": "private",
            "bucket": "s3-demo2",
            "expected_bucket_owner": "",
            "id": "s3-demo2,private"
          },
          "sensitive_attributes": [],
          "identity_schema_version": 0,
          "private": "bnVsbA==",
          "dependencies": [
            "aws_s3_bucket.bucket"
          ]
        }
      ]
    },
    {
      "mode": "managed",
      "type": "aws_security_group",
      "name": "ext",
      "provider": "provider[\"hc-registry.website.k2.cloud/c2devel/rockitcloud\"]",
      "instances": [
        {
          "schema_version": 1,
          "attributes": {
            "arn": "arn:c2:ec2:ru-msk:MShcherbachenko:security-group/sg-C748F9B6",
            "description": "External SG",
            "egress": [
              {
                "cidr_blocks": [
                  "0.0.0.0/0"
                ],
                "description": "",
                "from_port": 0,
                "ipv6_cidr_blocks": [],
                "prefix_list_ids": [],
                "protocol": "-1",
                "security_groups": [],
                "self": false,
                "to_port": 0
              }
            ],
            "id": "sg-C748F9B6",
            "ingress": [
              {
                "cidr_blocks": [
                  "0.0.0.0/0"
                ],
                "description": "",
                "from_port": 22,
                "ipv6_cidr_blocks": [],
                "prefix_list_ids": [],
                "protocol": "tcp",
                "security_groups": [],
                "self": false,
                "to_port": 22
              },
              {
                "cidr_blocks": [
                  "0.0.0.0/0"
                ],
                "description": "",
                "from_port": 443,
                "ipv6_cidr_blocks": [],
                "prefix_list_ids": [],
                "protocol": "tcp",
                "security_groups": [],
                "self": false,
                "to_port": 443
              },
              {
                "cidr_blocks": [
                  "0.0.0.0/0"
                ],
                "description": "",
                "from_port": 80,
                "ipv6_cidr_blocks": [],
                "prefix_list_ids": [],
                "protocol": "tcp",
                "security_groups": [],
                "self": false,
                "to_port": 80
              }
            ],
            "name": "ext",
            "name_prefix": "",
            "owner_id": "MShcherbachenko",
            "revoke_rules_on_delete": false,
            "tags": {
              "Name": "External SG"
            },
            "tags_all": {
              "Name": "External SG"
            },
            "timeouts": null,
            "vpc_id": "vpc-FADAA2E2"
          },
          "sensitive_attributes": [],
          "identity_schema_version": 0,
          "private": "eyJlMmJmYjczMC1lY2FhLTExZTYtOGY4OC0zNDM2M2JjN2M0YzAiOnsiY3JlYXRlIjo2MDAwMDAwMDAwMDAsImRlbGV0ZSI6OTAwMDAwMDAwMDAwfSwic2NoZW1hX3ZlcnNpb24iOiIxIn0=",
          "dependencies": [
            "aws_vpc.vpc"
          ]
        }
      ]
    },
    {
      "mode": "managed",
      "type": "aws_security_group",
      "name": "int",
      "provider": "provider[\"hc-registry.website.k2.cloud/c2devel/rockitcloud\"]",
      "instances": [
        {
          "schema_version": 1,
          "attributes": {
            "arn": "arn:c2:ec2:ru-msk:MShcherbachenko:security-group/sg-FF6E3E8F",
            "description": "Internal SG",
            "egress": [
              {
                "cidr_blocks": [
                  "0.0.0.0/0"
                ],
                "description": "",
                "from_port": 0,
                "ipv6_cidr_blocks": [],
                "prefix_list_ids": [],
                "protocol": "-1",
                "security_groups": [],
                "self": false,
                "to_port": 0
              }
            ],
            "id": "sg-FF6E3E8F",
            "ingress": [
              {
                "cidr_blocks": [],
                "description": "",
                "from_port": 0,
                "ipv6_cidr_blocks": [],
                "prefix_list_ids": [],
                "protocol": "-1",
                "security_groups": [],
                "self": true,
                "to_port": 0
              }
            ],
            "name": "int",
            "name_prefix": "",
            "owner_id": "MShcherbachenko",
            "revoke_rules_on_delete": false,
            "tags": {
              "Name": "Internal SG"
            },
            "tags_all": {
              "Name": "Internal SG"
            },
            "timeouts": null,
            "vpc_id": "vpc-FADAA2E2"
          },
          "sensitive_attributes": [],
          "identity_schema_version": 0,
          "private": "eyJlMmJmYjczMC1lY2FhLTExZTYtOGY4OC0zNDM2M2JjN2M0YzAiOnsiY3JlYXRlIjo2MDAwMDAwMDAwMDAsImRlbGV0ZSI6OTAwMDAwMDAwMDAwfSwic2NoZW1hX3ZlcnNpb24iOiIxIn0=",
          "dependencies": [
            "aws_vpc.vpc"
          ]
        }
      ]
    },
    {
      "mode": "managed",
      "type": "aws_subnet",
      "name": "subnet",
      "provider": "provider[\"hc-registry.website.k2.cloud/c2devel/rockitcloud\"]",
      "instances": [
        {
          "schema_version": 1,
          "attributes": {
            "arn": "",
            "assign_ipv6_address_on_creation": false,
            "availability_zone": "ru-msk-vol51",
            "availability_zone_id": "",
            "cidr_block": "10.0.0.0/16",
            "customer_owned_ipv4_pool": "",
            "enable_dns64": false,
            "enable_resource_name_dns_a_record_on_launch": false,
            "enable_resource_name_dns_aaaa_record_on_launch": false,
            "id": "subnet-2E810B40",
            "ipv6_cidr_block": "",
            "ipv6_cidr_block_association_id": "",
            "ipv6_native": false,
            "map_customer_owned_ip_on_launch": false,
            "map_public_ip_on_launch": false,
            "outpost_arn": "",
            "owner_id": "",
            "private_dns_hostname_type_on_launch": "",
            "tags": {
              "Name": "Subnet in ru-msk-vol51 for Test-project 1.0"
            },
            "tags_all": {
              "Name": "Subnet in ru-msk-vol51 for Test-project 1.0"
            },
            "timeouts": null,
            "vpc_id": "vpc-FADAA2E2"
          },
          "sensitive_attributes": [],
          "identity_schema_version": 0,
          "private": "eyJlMmJmYjczMC1lY2FhLTExZTYtOGY4OC0zNDM2M2JjN2M0YzAiOnsiY3JlYXRlIjo2MDAwMDAwMDAwMDAsImRlbGV0ZSI6MTIwMDAwMDAwMDAwMH0sInNjaGVtYV92ZXJzaW9uIjoiMSJ9",
          "dependencies": [
            "aws_vpc.vpc"
          ]
        }
      ]
    },
    {
      "mode": "managed",
      "type": "aws_vpc",
      "name": "vpc",
      "provider": "provider[\"hc-registry.website.k2.cloud/c2devel/rockitcloud\"]",
      "instances": [
        {
          "schema_version": 1,
          "attributes": {
            "arn": "arn:c2:ec2:ru-msk::vpc/vpc-FADAA2E2",
            "assign_generated_ipv6_cidr_block": false,
            "cidr_block": "10.0.0.0/16",
            "default_network_acl_id": "acl-A125E2B6",
            "default_route_table_id": "rtb-FBC9781F",
            "default_security_group_id": "sg-DEC03B90",
            "dhcp_options_id": "default",
            "enable_classiclink": false,
            "enable_classiclink_dns_support": false,
            "enable_dns_hostnames": true,
            "enable_dns_support": true,
            "id": "vpc-FADAA2E2",
            "instance_tenancy": "default",
            "ipv4_ipam_pool_id": null,
            "ipv4_netmask_length": null,
            "ipv6_association_id": "",
            "ipv6_cidr_block": "",
            "ipv6_cidr_block_network_border_group": "",
            "ipv6_ipam_pool_id": "",
            "ipv6_netmask_length": 0,
            "main_route_table_id": "rtb-FBC9781F",
            "owner_id": "",
            "tags": {
              "Name": "Test-project 1.0"
            },
            "tags_all": {
              "Name": "Test-project 1.0"
            }
          },
          "sensitive_attributes": [],
          "identity_schema_version": 0,
          "private": "eyJzY2hlbWFfdmVyc2lvbiI6IjEifQ=="
        }
      ]
    }
  ],
  "check_results": null
}
